// !$*UTF8*$!
{
	archiveVersion = 1;
	classes = {
	};
	objectVersion = 56;
	objects = {

/* Begin PBXBuildFile section */
		AA000001 /* SleepBuddyApp.swift in Sources */ = {isa = PBXBuildFile; fileRef = AA100001 /* SleepBuddyApp.swift */; };
		AA000002 /* ContentView.swift in Sources */ = {isa = PBXBuildFile; fileRef = AA100002 /* ContentView.swift */; };
		AA000003 /* SleepSession.swift in Sources */ = {isa = PBXBuildFile; fileRef = AA100003 /* SleepSession.swift */; };
		AA000004 /* SleepPhase.swift in Sources */ = {isa = PBXBuildFile; fileRef = AA100004 /* SleepPhase.swift */; };
		AA000005 /* SleepPhaseType.swift in Sources */ = {isa = PBXBuildFile; fileRef = AA100005 /* SleepPhaseType.swift */; };
		AA000006 /* AudioAnalysisService.swift in Sources */ = {isa = PBXBuildFile; fileRef = AA100006 /* AudioAnalysisService.swift */; };
		AA000007 /* SleepPhaseClassifier.swift in Sources */ = {isa = PBXBuildFile; fileRef = AA100007 /* SleepPhaseClassifier.swift */; };
		AA000008 /* HealthKitService.swift in Sources */ = {isa = PBXBuildFile; fileRef = AA100008 /* HealthKitService.swift */; };
		AA000009 /* HomeViewModel.swift in Sources */ = {isa = PBXBuildFile; fileRef = AA100009 /* HomeViewModel.swift */; };
		AA000010 /* SleepTrackingViewModel.swift in Sources */ = {isa = PBXBuildFile; fileRef = AA100010 /* SleepTrackingViewModel.swift */; };
		AA000011 /* HomeView.swift in Sources */ = {isa = PBXBuildFile; fileRef = AA100011 /* HomeView.swift */; };
		AA000012 /* SleepTrackingView.swift in Sources */ = {isa = PBXBuildFile; fileRef = AA100012 /* SleepTrackingView.swift */; };
		AA000013 /* SleepHistoryView.swift in Sources */ = {isa = PBXBuildFile; fileRef = AA100013 /* SleepHistoryView.swift */; };
		AA000014 /* SleepDetailView.swift in Sources */ = {isa = PBXBuildFile; fileRef = AA100014 /* SleepDetailView.swift */; };
		AA000015 /* SleepPhaseBarView.swift in Sources */ = {isa = PBXBuildFile; fileRef = AA100015 /* SleepPhaseBarView.swift */; };
		AA000016 /* TimeInterval+Formatted.swift in Sources */ = {isa = PBXBuildFile; fileRef = AA100016 /* TimeInterval+Formatted.swift */; };
		AA000017 /* Assets.xcassets in Resources */ = {isa = PBXBuildFile; fileRef = AA100017 /* Assets.xcassets */; };
		AA000018 /* HealthKit.framework in Frameworks */ = {isa = PBXBuildFile; fileRef = AA100018 /* HealthKit.framework */; };
		AA000019 /* AVFoundation.framework in Frameworks */ = {isa = PBXBuildFile; fileRef = AA100019 /* AVFoundation.framework */; };
		AA000020 /* TrainingSample.swift in Sources */ = {isa = PBXBuildFile; fileRef = AA100022 /* TrainingSample.swift */; };
		AA000021 /* MotionAnalysisService.swift in Sources */ = {isa = PBXBuildFile; fileRef = AA100023 /* MotionAnalysisService.swift */; };
		AA000022 /* SmartAlarmService.swift in Sources */ = {isa = PBXBuildFile; fileRef = AA100024 /* SmartAlarmService.swift */; };
		AA000023 /* SleepOnsetDetector.swift in Sources */ = {isa = PBXBuildFile; fileRef = AA100025 /* SleepOnsetDetector.swift */; };
		AA000024 /* OnlineSleepClassifier.swift in Sources */ = {isa = PBXBuildFile; fileRef = AA100026 /* OnlineSleepClassifier.swift */; };
		AA000025 /* MLSleepClassifier.swift in Sources */ = {isa = PBXBuildFile; fileRef = AA100027 /* MLSleepClassifier.swift */; };
		AA000026 /* SleepInsightService.swift in Sources */ = {isa = PBXBuildFile; fileRef = AA100028 /* SleepInsightService.swift */; };
		AA000027 /* CoreMotion.framework in Frameworks */ = {isa = PBXBuildFile; fileRef = AA100029 /* CoreMotion.framework */; };
		AA000028 /* CoreML.framework in Frameworks */ = {isa = PBXBuildFile; fileRef = AA100030 /* CoreML.framework */; };
		AA000029 /* UserNotifications.framework in Frameworks */ = {isa = PBXBuildFile; fileRef = AA100031 /* UserNotifications.framework */; };
		AA000030 /* ProfilView.swift in Sources */ = {isa = PBXBuildFile; fileRef = AA100032 /* ProfilView.swift */; };
		AA000031 /* EinstellungenView.swift in Sources */ = {isa = PBXBuildFile; fileRef = AA100033 /* EinstellungenView.swift */; };
		AA000032 /* NotificationManager.swift in Sources */ = {isa = PBXBuildFile; fileRef = AA100034 /* NotificationManager.swift */; };
		AA000033 /* SharedProfil.swift in Sources */ = {isa = PBXBuildFile; fileRef = AA100035 /* SharedProfil.swift */; };
		AA000034 /* SleepNightSummary.swift in Sources */ = {isa = PBXBuildFile; fileRef = AA100036 /* SleepNightSummary.swift */; };
		AA000035 /* SleepSoundEvent.swift in Sources */ = {isa = PBXBuildFile; fileRef = AA100037 /* SleepSoundEvent.swift */; };
		AA000036 /* SoundEventService.swift in Sources */ = {isa = PBXBuildFile; fileRef = AA100038 /* SoundEventService.swift */; };
		AA000039 /* SampleDataService.swift in Sources */ = {isa = PBXBuildFile; fileRef = AA100039 /* SampleDataService.swift */; };
/* End PBXBuildFile section */

/* Begin PBXFileReference section */
		AA100001 /* SleepBuddyApp.swift */ = {isa = PBXFileReference; lastKnownFileType = sourcecode.swift; path = SleepBuddyApp.swift; sourceTree = "<group>"; };
		AA100002 /* ContentView.swift */ = {isa = PBXFileReference; lastKnownFileType = sourcecode.swift; path = ContentView.swift; sourceTree = "<group>"; };
		AA100003 /* SleepSession.swift */ = {isa = PBXFileReference; lastKnownFileType = sourcecode.swift; path = SleepSession.swift; sourceTree = "<group>"; };
		AA100004 /* SleepPhase.swift */ = {isa = PBXFileReference; lastKnownFileType = sourcecode.swift; path = SleepPhase.swift; sourceTree = "<group>"; };
		AA100005 /* SleepPhaseType.swift */ = {isa = PBXFileReference; lastKnownFileType = sourcecode.swift; path = SleepPhaseType.swift; sourceTree = "<group>"; };
		AA100006 /* AudioAnalysisService.swift */ = {isa = PBXFileReference; lastKnownFileType = sourcecode.swift; path = AudioAnalysisService.swift; sourceTree = "<group>"; };
		AA100007 /* SleepPhaseClassifier.swift */ = {isa = PBXFileReference; lastKnownFileType = sourcecode.swift; path = SleepPhaseClassifier.swift; sourceTree = "<group>"; };
		AA100008 /* HealthKitService.swift */ = {isa = PBXFileReference; lastKnownFileType = sourcecode.swift; path = HealthKitService.swift; sourceTree = "<group>"; };
		AA100009 /* HomeViewModel.swift */ = {isa = PBXFileReference; lastKnownFileType = sourcecode.swift; path = HomeViewModel.swift; sourceTree = "<group>"; };
		AA100010 /* SleepTrackingViewModel.swift */ = {isa = PBXFileReference; lastKnownFileType = sourcecode.swift; path = SleepTrackingViewModel.swift; sourceTree = "<group>"; };
		AA100011 /* HomeView.swift */ = {isa = PBXFileReference; lastKnownFileType = sourcecode.swift; path = HomeView.swift; sourceTree = "<group>"; };
		AA100012 /* SleepTrackingView.swift */ = {isa = PBXFileReference; lastKnownFileType = sourcecode.swift; path = SleepTrackingView.swift; sourceTree = "<group>"; };
		AA100013 /* SleepHistoryView.swift */ = {isa = PBXFileReference; lastKnownFileType = sourcecode.swift; path = SleepHistoryView.swift; sourceTree = "<group>"; };
		AA100014 /* SleepDetailView.swift */ = {isa = PBXFileReference; lastKnownFileType = sourcecode.swift; path = SleepDetailView.swift; sourceTree = "<group>"; };
		AA100015 /* SleepPhaseBarView.swift */ = {isa = PBXFileReference; lastKnownFileType = sourcecode.swift; path = SleepPhaseBarView.swift; sourceTree = "<group>"; };
		AA100016 /* TimeInterval+Formatted.swift */ = {isa = PBXFileReference; lastKnownFileType = sourcecode.swift; path = "TimeInterval+Formatted.swift"; sourceTree = "<group>"; };
		AA100017 /* Assets.xcassets */ = {isa = PBXFileReference; lastKnownFileType = folder.assetcatalog; path = Assets.xcassets; sourceTree = "<group>"; };
		AA100018 /* HealthKit.framework */ = {isa = PBXFileReference; lastKnownFileType = wrapper.framework; name = HealthKit.framework; path = System/Library/Frameworks/HealthKit.framework; sourceTree = SDKROOT; };
		AA100019 /* AVFoundation.framework */ = {isa = PBXFileReference; lastKnownFileType = wrapper.framework; name = AVFoundation.framework; path = System/Library/Frameworks/AVFoundation.framework; sourceTree = SDKROOT; };
		AA100020 /* SleepBuddy.entitlements */ = {isa = PBXFileReference; lastKnownFileType = text.plist.entitlements; path = SleepBuddy.entitlements; sourceTree = "<group>"; };
		AA100021 /* Info.plist */ = {isa = PBXFileReference; lastKnownFileType = text.plist.xml; path = Info.plist; sourceTree = "<group>"; };
		AA100022 /* TrainingSample.swift */ = {isa = PBXFileReference; lastKnownFileType = sourcecode.swift; path = TrainingSample.swift; sourceTree = "<group>"; };
		AA100023 /* MotionAnalysisService.swift */ = {isa = PBXFileReference; lastKnownFileType = sourcecode.swift; path = MotionAnalysisService.swift; sourceTree = "<group>"; };
		AA100024 /* SmartAlarmService.swift */ = {isa = PBXFileReference; lastKnownFileType = sourcecode.swift; path = SmartAlarmService.swift; sourceTree = "<group>"; };
		AA100025 /* SleepOnsetDetector.swift */ = {isa = PBXFileReference; lastKnownFileType = sourcecode.swift; path = SleepOnsetDetector.swift; sourceTree = "<group>"; };
		AA100026 /* OnlineSleepClassifier.swift */ = {isa = PBXFileReference; lastKnownFileType = sourcecode.swift; path = OnlineSleepClassifier.swift; sourceTree = "<group>"; };
		AA100027 /* MLSleepClassifier.swift */ = {isa = PBXFileReference; lastKnownFileType = sourcecode.swift; path = MLSleepClassifier.swift; sourceTree = "<group>"; };
		AA100028 /* SleepInsightService.swift */ = {isa = PBXFileReference; lastKnownFileType = sourcecode.swift; path = SleepInsightService.swift; sourceTree = "<group>"; };
		AA100029 /* CoreMotion.framework */ = {isa = PBXFileReference; lastKnownFileType = wrapper.framework; name = CoreMotion.framework; path = System/Library/Frameworks/CoreMotion.framework; sourceTree = SDKROOT; };
		AA100030 /* CoreML.framework */ = {isa = PBXFileReference; lastKnownFileType = wrapper.framework; name = CoreML.framework; path = System/Library/Frameworks/CoreML.framework; sourceTree = SDKROOT; };
		AA100031 /* UserNotifications.framework */ = {isa = PBXFileReference; lastKnownFileType = wrapper.framework; name = UserNotifications.framework; path = System/Library/Frameworks/UserNotifications.framework; sourceTree = SDKROOT; };
		AA100032 /* ProfilView.swift */ = {isa = PBXFileReference; lastKnownFileType = sourcecode.swift; path = ProfilView.swift; sourceTree = "<group>"; };
		AA100033 /* EinstellungenView.swift */ = {isa = PBXFileReference; lastKnownFileType = sourcecode.swift; path = EinstellungenView.swift; sourceTree = "<group>"; };
		AA100034 /* NotificationManager.swift */ = {isa = PBXFileReference; lastKnownFileType = sourcecode.swift; path = NotificationManager.swift; sourceTree = "<group>"; };
		AA100035 /* SharedProfil.swift */ = {isa = PBXFileReference; lastKnownFileType = sourcecode.swift; path = SharedProfil.swift; sourceTree = "<group>"; };
		AA100036 /* SleepNightSummary.swift */ = {isa = PBXFileReference; lastKnownFileType = sourcecode.swift; path = SleepNightSummary.swift; sourceTree = "<group>"; };
		AA100037 /* SleepSoundEvent.swift */ = {isa = PBXFileReference; lastKnownFileType = sourcecode.swift; path = SleepSoundEvent.swift; sourceTree = "<group>"; };
		AA100038 /* SoundEventService.swift */ = {isa = PBXFileReference; lastKnownFileType = sourcecode.swift; path = SoundEventService.swift; sourceTree = "<group>"; };
		AA100039 /* SampleDataService.swift */ = {isa = PBXFileReference; lastKnownFileType = sourcecode.swift; path = SampleDataService.swift; sourceTree = "<group>"; };
		AA200001 /* SleepBuddy.app */ = {isa = PBXFileReference; explicitFileType = wrapper.application; includeInIndex = 0; path = SleepBuddy.app; sourceTree = BUILT_PRODUCTS_DIR; };
/* End PBXFileReference section */

/* Begin PBXFrameworksBuildPhase section */
		AA300001 /* Frameworks */ = {
			isa = PBXFrameworksBuildPhase;
			buildActionMask = 2147483647;
			files = (
				AA000018 /* HealthKit.framework in Frameworks */,
				AA000019 /* AVFoundation.framework in Frameworks */,
				AA000027 /* CoreMotion.framework in Frameworks */,
				AA000028 /* CoreML.framework in Frameworks */,
				AA000029 /* UserNotifications.framework in Frameworks */,
			);
			runOnlyForDeploymentPostprocessing = 0;
		};
/* End PBXFrameworksBuildPhase section */

/* Begin PBXGroup section */
		AA400001 /* SleepBuddy */ = {
			isa = PBXGroup;
			children = (
				AA100001 /* SleepBuddyApp.swift */,
				AA100002 /* ContentView.swift */,
				AA100020 /* SleepBuddy.entitlements */,
				AA100021 /* Info.plist */,
				AA100017 /* Assets.xcassets */,
				AA400002 /* Models */,
				AA400003 /* Views */,
				AA400004 /* ViewModels */,
				AA400005 /* Services */,
				AA400006 /* Extensions */,
			);
			path = SleepBuddy;
			sourceTree = "<group>";
		};
		AA400002 /* Models */ = {
			isa = PBXGroup;
			children = (
				AA100003 /* SleepSession.swift */,
				AA100004 /* SleepPhase.swift */,
				AA100005 /* SleepPhaseType.swift */,
				AA100022 /* TrainingSample.swift */,
				AA100036 /* SleepNightSummary.swift */,
				AA100037 /* SleepSoundEvent.swift */,
			);
			path = Models;
			sourceTree = "<group>";
		};
		AA400003 /* Views */ = {
			isa = PBXGroup;
			children = (
				AA100011 /* HomeView.swift */,
				AA100012 /* SleepTrackingView.swift */,
				AA100013 /* SleepHistoryView.swift */,
				AA100014 /* SleepDetailView.swift */,
				AA100015 /* SleepPhaseBarView.swift */,
				AA100032 /* ProfilView.swift */,
				AA100033 /* EinstellungenView.swift */,
			);
			path = Views;
			sourceTree = "<group>";
		};
		AA400004 /* ViewModels */ = {
			isa = PBXGroup;
			children = (
				AA100009 /* HomeViewModel.swift */,
				AA100010 /* SleepTrackingViewModel.swift */,
			);
			path = ViewModels;
			sourceTree = "<group>";
		};
		AA400005 /* Services */ = {
			isa = PBXGroup;
			children = (
				AA100006 /* AudioAnalysisService.swift */,
				AA100034 /* NotificationManager.swift */,
				AA100035 /* SharedProfil.swift */,
				AA100007 /* SleepPhaseClassifier.swift */,
				AA100008 /* HealthKitService.swift */,
				AA100023 /* MotionAnalysisService.swift */,
				AA100024 /* SmartAlarmService.swift */,
				AA100025 /* SleepOnsetDetector.swift */,
				AA100026 /* OnlineSleepClassifier.swift */,
				AA100027 /* MLSleepClassifier.swift */,
				AA100028 /* SleepInsightService.swift */,
				AA100038 /* SoundEventService.swift */,
				AA100039 /* SampleDataService.swift */,
			);
			path = Services;
			sourceTree = "<group>";
		};
		AA400006 /* Extensions */ = {
			isa = PBXGroup;
			children = (
				AA100016 /* TimeInterval+Formatted.swift */,
			);
			path = Extensions;
			sourceTree = "<group>";
		};
		AA400007 /* Frameworks */ = {
			isa = PBXGroup;
			children = (
				AA100018 /* HealthKit.framework */,
				AA100019 /* AVFoundation.framework */,
				AA100029 /* CoreMotion.framework */,
				AA100030 /* CoreML.framework */,
				AA100031 /* UserNotifications.framework */,
			);
			name = Frameworks;
			sourceTree = "<group>";
		};
		AA400008 /* Products */ = {
			isa = PBXGroup;
			children = (
				AA200001 /* SleepBuddy.app */,
			);
			name = Products;
			sourceTree = "<group>";
		};
		AA400009 = {
			isa = PBXGroup;
			children = (
				AA400001 /* SleepBuddy */,
				AA400007 /* Frameworks */,
				AA400008 /* Products */,
			);
			sourceTree = "<group>";
		};
/* End PBXGroup section */

/* Begin PBXNativeTarget section */
		AA500001 /* SleepBuddy */ = {
			isa = PBXNativeTarget;
			buildConfigurationList = AA600002 /* Build configuration list for PBXNativeTarget "SleepBuddy" */;
			buildPhases = (
				AA300001 /* Frameworks */,
				AA700001 /* Sources */,
				AA700002 /* Resources */,
			);
			buildRules = (
			);
			dependencies = (
			);
			name = SleepBuddy;
			productName = SleepBuddy;
			productReference = AA200001 /* SleepBuddy.app */;
			productType = "com.apple.product-type.application";
		};
/* End PBXNativeTarget section */

/* Begin PBXProject section */
		AA800001 /* Project object */ = {
			isa = PBXProject;
			attributes = {
				BuildIndependentTargetsInParallel = 1;
				LastSwiftUpdateCheck = 1500;
				LastUpgradeCheck = 1500;
				TargetAttributes = {
					AA500001 = {
						CreatedOnToolsVersion = 15.0;
					};
				};
			};
			buildConfigurationList = AA600001 /* Build configuration list for PBXProject "SleepBuddy" */;
			compatibilityVersion = "Xcode 14.0";
			developmentRegion = de;
			hasScannedForEncodings = 0;
			knownRegions = (
				en,
				de,
				Base,
			);
			mainGroup = AA400009;
			productRefGroup = AA400008 /* Products */;
			projectDirPath = "";
			projectRoot = "";
			targets = (
				AA500001 /* SleepBuddy */,
			);
		};
/* End PBXProject section */

/* Begin PBXResourcesBuildPhase section */
		AA700002 /* Resources */ = {
			isa = PBXResourcesBuildPhase;
			buildActionMask = 2147483647;
			files = (
				AA000017 /* Assets.xcassets in Resources */,
			);
			runOnlyForDeploymentPostprocessing = 0;
		};
/* End PBXResourcesBuildPhase section */

/* Begin PBXSourcesBuildPhase section */
		AA700001 /* Sources */ = {
			isa = PBXSourcesBuildPhase;
			buildActionMask = 2147483647;
			files = (
				AA000001 /* SleepBuddyApp.swift in Sources */,
				AA000002 /* ContentView.swift in Sources */,
				AA000003 /* SleepSession.swift in Sources */,
				AA000004 /* SleepPhase.swift in Sources */,
				AA000005 /* SleepPhaseType.swift in Sources */,
				AA000006 /* AudioAnalysisService.swift in Sources */,
				AA000007 /* SleepPhaseClassifier.swift in Sources */,
				AA000008 /* HealthKitService.swift in Sources */,
				AA000009 /* HomeViewModel.swift in Sources */,
				AA000010 /* SleepTrackingViewModel.swift in Sources */,
				AA000011 /* HomeView.swift in Sources */,
				AA000012 /* SleepTrackingView.swift in Sources */,
				AA000013 /* SleepHistoryView.swift in Sources */,
				AA000014 /* SleepDetailView.swift in Sources */,
				AA000015 /* SleepPhaseBarView.swift in Sources */,
				AA000030 /* ProfilView.swift in Sources */,
				AA000031 /* EinstellungenView.swift in Sources */,
				AA000032 /* NotificationManager.swift in Sources */,
				AA000033 /* SharedProfil.swift in Sources */,
				AA000016 /* TimeInterval+Formatted.swift in Sources */,
				AA000020 /* TrainingSample.swift in Sources */,
				AA000021 /* MotionAnalysisService.swift in Sources */,
				AA000022 /* SmartAlarmService.swift in Sources */,
				AA000023 /* SleepOnsetDetector.swift in Sources */,
				AA000024 /* OnlineSleepClassifier.swift in Sources */,
				AA000025 /* MLSleepClassifier.swift in Sources */,
				AA000026 /* SleepInsightService.swift in Sources */,
				AA000034 /* SleepNightSummary.swift in Sources */,
				AA000035 /* SleepSoundEvent.swift in Sources */,
				AA000036 /* SoundEventService.swift in Sources */,
				AA000039 /* SampleDataService.swift in Sources */,
			);
			runOnlyForDeploymentPostprocessing = 0;
		};
/* End PBXSourcesBuildPhase section */

/* Begin XCBuildConfiguration section */
		AA600003 /* Debug */ = {
			isa = XCBuildConfiguration;
			buildSettings = {
				ALWAYS_SEARCH_USER_PATHS = NO;
				ASSETCATALOG_COMPILER_GENERATE_SWIFT_ASSET_SYMBOL_EXTENSIONS = YES;
				CLANG_ANALYZER_NONNULL = YES;
				CLANG_ANALYZER_NUMBER_OBJECT_CONVERSION = YES_AGGRESSIVE;
				CLANG_CXX_LANGUAGE_STANDARD = "gnu++20";
				CLANG_ENABLE_MODULES = YES;
				CLANG_ENABLE_OBJC_ARC = YES;
				CLANG_ENABLE_OBJC_WEAK = YES;
				CLANG_WARN_BLOCK_CAPTURE_AUTORELEASING = YES;
				CLANG_WARN_BOOL_CONVERSION = YES;
				CLANG_WARN_COMMA = YES;
				CLANG_WARN_CONSTANT_CONVERSION = YES;
				CLANG_WARN_DEPRECATED_OBJC_IMPLEMENTATIONS = YES;
				CLANG_WARN_DIRECT_OBJC_ISA_USAGE = YES_ERROR;
				CLANG_WARN_DOCUMENTATION_COMMENTS = YES;
				CLANG_WARN_EMPTY_BODY = YES;
				CLANG_WARN_ENUM_CONVERSION = YES;
				CLANG_WARN_INFINITE_RECURSION = YES;
				CLANG_WARN_INT_CONVERSION = YES;
				CLANG_WARN_NON_LITERAL_NULL_CONVERSION = YES;
				CLANG_WARN_OBJC_IMPLICIT_RETAIN_SELF = YES;
				CLANG_WARN_OBJC_LITERAL_CONVERSION = YES;
				CLANG_WARN_OBJC_ROOT_CLASS = YES_ERROR;
				CLANG_WARN_QUOTED_INCLUDE_IN_FRAMEWORK_HEADER = YES;
				CLANG_WARN_RANGE_LOOP_ANALYSIS = YES;
				CLANG_WARN_STRICT_PROTOTYPES = YES;
				CLANG_WARN_SUSPICIOUS_MOVE = YES;
				CLANG_WARN_UNGUARDED_AVAILABILITY = YES_AGGRESSIVE;
				CLANG_WARN_UNREACHABLE_CODE = YES;
				CLANG_WARN__DUPLICATE_METHOD_MATCH = YES;
				COPY_PHASE_STRIP = NO;
				DEBUG_INFORMATION_FORMAT = dwarf;
				ENABLE_STRICT_OBJC_MSGSEND = YES;
				ENABLE_TESTABILITY = YES;
				ENABLE_USER_SCRIPT_SANDBOXING = YES;
				GCC_C_LANGUAGE_STANDARD = gnu17;
				GCC_DYNAMIC_NO_PIC = NO;
				GCC_NO_COMMON_BLOCKS = YES;
				GCC_OPTIMIZATION_LEVEL = 0;
				GCC_PREPROCESSOR_DEFINITIONS = (
					"DEBUG=1",
					"$(inherited)",
				);
				GCC_WARN_64_TO_32_BIT_CONVERSION = YES;
				GCC_WARN_ABOUT_RETURN_TYPE = YES_ERROR;
				GCC_WARN_UNDECLARED_SELECTOR = YES;
				GCC_WARN_UNINITIALIZED_AUTOS = YES_AGGRESSIVE;
				GCC_WARN_UNUSED_FUNCTION = YES;
				GCC_WARN_UNUSED_VARIABLE = YES;
				IPHONEOS_DEPLOYMENT_TARGET = 17.0;
				MTL_ENABLE_DEBUG_INFO = INCLUDE_SOURCE;
				MTL_FAST_MATH = YES;
				ONLY_ACTIVE_ARCH = YES;
				SDKROOT = iphoneos;
				SWIFT_ACTIVE_COMPILATION_CONDITIONS = "DEBUG $(inherited)";
				SWIFT_OPTIMIZATION_LEVEL = "-Onone";
			};
			name = Debug;
		};
		AA600004 /* Release */ = {
			isa = XCBuildConfiguration;
			buildSettings = {
				ALWAYS_SEARCH_USER_PATHS = NO;
				ASSETCATALOG_COMPILER_GENERATE_SWIFT_ASSET_SYMBOL_EXTENSIONS = YES;
				CLANG_ANALYZER_NONNULL = YES;
				CLANG_ANALYZER_NUMBER_OBJECT_CONVERSION = YES_AGGRESSIVE;
				CLANG_CXX_LANGUAGE_STANDARD = "gnu++20";
				CLANG_ENABLE_MODULES = YES;
				CLANG_ENABLE_OBJC_ARC = YES;
				CLANG_ENABLE_OBJC_WEAK = YES;
				CLANG_WARN_BLOCK_CAPTURE_AUTORELEASING = YES;
				CLANG_WARN_BOOL_CONVERSION = YES;
				CLANG_WARN_COMMA = YES;
				CLANG_WARN_CONSTANT_CONVERSION = YES;
				CLANG_WARN_DEPRECATED_OBJC_IMPLEMENTATIONS = YES;
				CLANG_WARN_DIRECT_OBJC_ISA_USAGE = YES_ERROR;
				CLANG_WARN_DOCUMENTATION_COMMENTS = YES;
				CLANG_WARN_EMPTY_BODY = YES;
				CLANG_WARN_ENUM_CONVERSION = YES;
				CLANG_WARN_INFINITE_RECURSION = YES;
				CLANG_WARN_INT_CONVERSION = YES;
				CLANG_WARN_NON_LITERAL_NULL_CONVERSION = YES;
				CLANG_WARN_OBJC_IMPLICIT_RETAIN_SELF = YES;
				CLANG_WARN_OBJC_LITERAL_CONVERSION = YES;
				CLANG_WARN_OBJC_ROOT_CLASS = YES_ERROR;
				CLANG_WARN_QUOTED_INCLUDE_IN_FRAMEWORK_HEADER = YES;
				CLANG_WARN_RANGE_LOOP_ANALYSIS = YES;
				CLANG_WARN_STRICT_PROTOTYPES = YES;
				CLANG_WARN_SUSPICIOUS_MOVE = YES;
				CLANG_WARN_UNGUARDED_AVAILABILITY = YES_AGGRESSIVE;
				CLANG_WARN_UNREACHABLE_CODE = YES;
				CLANG_WARN__DUPLICATE_METHOD_MATCH = YES;
				COPY_PHASE_STRIP = NO;
				DEBUG_INFORMATION_FORMAT = "dwarf-with-dsym";
				ENABLE_NS_ASSERTIONS = NO;
				ENABLE_STRICT_OBJC_MSGSEND = YES;
				ENABLE_USER_SCRIPT_SANDBOXING = YES;
				GCC_C_LANGUAGE_STANDARD = gnu17;
				GCC_NO_COMMON_BLOCKS = YES;
				GCC_WARN_64_TO_32_BIT_CONVERSION = YES;
				GCC_WARN_ABOUT_RETURN_TYPE = YES_ERROR;
				GCC_WARN_UNDECLARED_SELECTOR = YES;
				GCC_WARN_UNINITIALIZED_AUTOS = YES_AGGRESSIVE;
				GCC_WARN_UNUSED_FUNCTION = YES;
				GCC_WARN_UNUSED_VARIABLE = YES;
				IPHONEOS_DEPLOYMENT_TARGET = 17.0;
				MTL_FAST_MATH = YES;
				SDKROOT = iphoneos;
				SWIFT_COMPILATION_MODE = wholemodule;
				VALIDATE_PRODUCT = YES;
			};
			name = Release;
		};
		AA600005 /* Debug */ = {
			isa = XCBuildConfiguration;
			buildSettings = {
				ASSETCATALOG_COMPILER_APPICON_NAME = AppIcon;
				ASSETCATALOG_COMPILER_GLOBAL_ACCENT_COLOR_NAME = AccentColor;
				CODE_SIGN_ENTITLEMENTS = SleepBuddy/SleepBuddy.entitlements;
				CODE_SIGN_STYLE = Automatic;
				CURRENT_PROJECT_VERSION = 1;
				DEVELOPMENT_TEAM = "";
				GENERATE_INFOPLIST_FILE = NO;
				INFOPLIST_FILE = SleepBuddy/Info.plist;
				IPHONEOS_DEPLOYMENT_TARGET = 17.0;
				LD_RUNPATH_SEARCH_PATHS = (
					"$(inherited)",
					"@executable_path/Frameworks",
				);
				MARKETING_VERSION = 1.0;
				PRODUCT_BUNDLE_IDENTIFIER = com.doemu0992.SleepBuddy;
				PRODUCT_NAME = "$(TARGET_NAME)";
				SWIFT_EMIT_LOC_STRINGS = YES;
				SWIFT_VERSION = 5.0;
				TARGETED_DEVICE_FAMILY = 1;
			};
			name = Debug;
		};
		AA600006 /* Release */ = {
			isa = XCBuildConfiguration;
			buildSettings = {
				ASSETCATALOG_COMPILER_APPICON_NAME = AppIcon;
				ASSETCATALOG_COMPILER_GLOBAL_ACCENT_COLOR_NAME = AccentColor;
				CODE_SIGN_ENTITLEMENTS = SleepBuddy/SleepBuddy.entitlements;
				CODE_SIGN_STYLE = Automatic;
				CURRENT_PROJECT_VERSION = 1;
				DEVELOPMENT_TEAM = "";
				GENERATE_INFOPLIST_FILE = NO;
				INFOPLIST_FILE = SleepBuddy/Info.plist;
				IPHONEOS_DEPLOYMENT_TARGET = 17.0;
				LD_RUNPATH_SEARCH_PATHS = (
					"$(inherited)",
					"@executable_path/Frameworks",
				);
				MARKETING_VERSION = 1.0;
				PRODUCT_BUNDLE_IDENTIFIER = com.doemu0992.SleepBuddy;
				PRODUCT_NAME = "$(TARGET_NAME)";
				SWIFT_EMIT_LOC_STRINGS = YES;
				SWIFT_VERSION = 5.0;
				TARGETED_DEVICE_FAMILY = 1;
			};
			name = Release;
		};
/* End XCBuildConfiguration section */

/* Begin XCConfigurationList section */
		AA600001 /* Build configuration list for PBXProject "SleepBuddy" */ = {
			isa = XCConfigurationList;
			buildConfigurations = (
				AA600003 /* Debug */,
				AA600004 /* Release */,
			);
			defaultConfigurationIsVisible = 0;
			defaultConfigurationName = Release;
		};
		AA600002 /* Build configuration list for PBXNativeTarget "SleepBuddy" */ = {
			isa = XCConfigurationList;
			buildConfigurations = (
				AA600005 /* Debug */,
				AA600006 /* Release */,
			);
			defaultConfigurationIsVisible = 0;
			defaultConfigurationName = Release;
		};
/* End XCConfigurationList section */

	};
	rootObject = AA800001 /* Project object */;
}
